
Microsoft Visual Studio Solution File, Format Version 12.00
# Visual Studio Version 17
VisualStudioVersion = 17.0.31903.59
MinimumVisualStudioVersion = 10.0.40219.1
Project("{FAE04EC0-301F-11D3-BF4B-00C04F79EFBC}") = "OpenForgeSelf.Core", "OpenForgeSelf.Core\OpenForgeSelf.Core.csproj", "{C28011E0-6804-4D8E-93AC-E9325852DF81}"
EndProject
Project("{FAE04EC0-301F-11D3-BF4B-00C04F79EFBC}") = "OpenForgeSelf.Abstractions", "OpenForgeSelf.Abstractions\OpenForgeSelf.Abstractions.csproj", "{8974D5F7-3DD0-4A72-AD44-D7B2456E8781}"
EndProject
Project("{FAE04EC0-301F-11D3-BF4B-00C04F79EFBC}") = "OpenForgeSelf.Core.Tests", "OpenForgeSelf.Core.Tests\OpenForgeSelf.Core.Tests.csproj", "{9D110851-C32E-4D2F-B7D0-EA3C903A6085}"
EndProject
Project("{FAE04EC0-301F-11D3-BF4B-00C04F79EFBC}") = "OpenForgeSelf.Abstractions.Tests", "OpenForgeSelf.Abstractions.Tests\OpenForgeSelf.Abstractions.Tests.csproj", "{0320DF0C-F2D5-457C-BD17-B432971A14C0}"
EndProject
Project("{FAE04EC0-301F-11D3-BF4B-00C04F79EFBC}") = "OpenForgeSelf.Backend", "OpenForgeSelf.Backend\OpenForgeSelf.Backend.csproj", "{C194376D-DA82-4098-B4B2-8C11B8B7CFD0}"
EndProject
Project("{FAE04EC0-301F-11D3-BF4B-00C04F79EFBC}") = "MemorySystem", "OpenForgeSelf.Backend\Plugins\MemorySystem\MemorySystem.csproj", "{B2C034B9-D41F-4407-A68E-BF4B697A9C3F}"
EndProject
Project("{FAE04EC0-301F-11D3-BF4B-00C04F79EFBC}") = "OpenForgeSelf.Backend.Tests", "OpenForgeSelf.Backend.Tests\OpenForgeSelf.Backend.Tests.csproj", "{C96EFEF7-6089-425D-B5DE-7867812A62FE}"
EndProject
Project("{FAE04EC0-301F-11D3-BF4B-00C04F79EFBC}") = "TodoTracker", "OpenForgeSelf.Backend\Plugins\TodoTracker\TodoTracker.csproj", "{E9D8A94F-E31A-46DE-A7C1-A175E88C0F78}"
EndProject
Project("{FAE04EC0-301F-11D3-BF4B-00C04F79EFBC}") = "QuickLinks", "OpenForgeSelf.Backend\Plugins\QuickLinks\QuickLinks.csproj", "{F08F2650-F99B-499C-8549-B5BF4EE9067E}"
EndProject
Project("{FAE04EC0-301F-11D3-BF4B-00C04F79EFBC}") = "TextTools", "OpenForgeSelf.Backend\Plugins\TextTools\TextTools.csproj", "{95EA8F0C-6869-405D-93D3-1A16FF132C0D}"
EndProject
Project("{FAE04EC0-301F-11D3-BF4B-00C04F79EFBC}") = "FileTools", "OpenForgeSelf.Backend\Plugins\FileTools\FileTools.csproj", "{A227E2BB-C33C-4145-85E9-FFA217282969}"
EndProject
Project("{FAE04EC0-301F-11D3-BF4B-00C04F79EFBC}") = "DevTools", "OpenForgeSelf.Backend\Plugins\DevTools\DevTools.csproj", "{46EEFAAE-E7A6-4398-91F7-243E46C37E15}"
EndProject
Project("{FAE04EC0-301F-11D3-BF4B-00C04F79EFBC}") = "SystemMonitor", "OpenForgeSelf.Backend\Plugins\SystemMonitor\SystemMonitor.csproj", "{4230F7D2-87CE-4AE7-9C24-DFF51CFA5E1F}"
EndProject
Project("{FAE04EC0-301F-11D3-BF4B-00C04F79EFBC}") = "Scheduler", "OpenForgeSelf.Backend\Plugins\Scheduler\Scheduler.csproj", "{E1365082-6B00-42DB-8F3A-1979A3B535D9}"
EndProject
Project("{FAE04EC0-301F-11D3-BF4B-00C04F79EFBC}") = "ScriptRunner", "OpenForgeSelf.Backend\Plugins\ScriptRunner\ScriptRunner.csproj", "{1AB47316-11DD-4624-94F5-FFB2955063CC}"
EndProject
Project("{FAE04EC0-301F-11D3-BF4B-00C04F79EFBC}") = "WorkflowEngine", "OpenForgeSelf.Backend\Plugins\WorkflowEngine\WorkflowEngine.csproj", "{B9417571-E6DA-496D-807B-952FA2B573BC}"
EndProject
Project("{2150E333-8FDC-42A3-9474-1A3956D46DE8}") = "Backend", "OpenForgeSelf.Backend", "{5A50DFF6-9AAE-D52E-6CD4-6FDF55E933DE}"
EndProject
Project("{2150E333-8FDC-42A3-9474-1A3956D46DE8}") = "Plugins", "Plugins", "{F18B0EF1-DBEC-E650-CD7A-3C671C3D2238}"
EndProject
Project("{FAE04EC0-301F-11D3-BF4B-00C04F79EFBC}") = "AIAgent", "OpenForgeSelf.Backend\Plugins\AIAgent\AIAgent.csproj", "{FA373D1E-D3B6-4599-A5B1-F50927A6EFAE}"
EndProject
Project("{FAE04EC0-301F-11D3-BF4B-00C04F79EFBC}") = "ProxyCapture", "OpenForgeSelf.Backend\Plugins\ProxyCapture\ProxyCapture.csproj", "{C9D3A1B2-4E5F-4A6B-8C7D-1E2F3A4B5C6D}"
EndProject
Global
	GlobalSection(SolutionConfigurationPlatforms) = preSolution
		Debug|Any CPU = Debug|Any CPU
		Debug|x64 = Debug|x64
		Debug|x86 = Debug|x86
		Release|Any CPU = Release|Any CPU
		Release|x64 = Release|x64
		Release|x86 = Release|x86
	EndGlobalSection
	GlobalSection(ProjectConfigurationPlatforms) = postSolution
		{C28011E0-6804-4D8E-93AC-E9325852DF81}.Debug|Any CPU.ActiveCfg = Debug|Any CPU
		{C28011E0-6804-4D8E-93AC-E9325852DF81}.Debug|Any CPU.Build.0 = Debug|Any CPU
		{C28011E0-6804-4D8E-93AC-E9325852DF81}.Debug|x64.ActiveCfg = Debug|Any CPU
		{C28011E0-6804-4D8E-93AC-E9325852DF81}.Debug|x64.Build.0 = Debug|Any CPU
		{C28011E0-6804-4D8E-93AC-E9325852DF81}.Debug|x86.ActiveCfg = Debug|Any CPU
		{C28011E0-6804-4D8E-93AC-E9325852DF81}.Debug|x86.Build.0 = Debug|Any CPU
		{C28011E0-6804-4D8E-93AC-E9325852DF81}.Release|Any CPU.ActiveCfg = Release|Any CPU
		{C28011E0-6804-4D8E-93AC-E9325852DF81}.Release|Any CPU.Build.0 = Release|Any CPU
		{C28011E0-6804-4D8E-93AC-E9325852DF81}.Release|x64.ActiveCfg = Release|Any CPU
		{C28011E0-6804-4D8E-93AC-E9325852DF81}.Release|x64.Build.0 = Release|Any CPU
		{C28011E0-6804-4D8E-93AC-E9325852DF81}.Release|x86.ActiveCfg = Release|Any CPU
		{C28011E0-6804-4D8E-93AC-E9325852DF81}.Release|x86.Build.0 = Release|Any CPU
		{8974D5F7-3DD0-4A72-AD44-D7B2456E8781}.Debug|Any CPU.ActiveCfg = Debug|Any CPU
		{8974D5F7-3DD0-4A72-AD44-D7B2456E8781}.Debug|Any CPU.Build.0 = Debug|Any CPU
		{8974D5F7-3DD0-4A72-AD44-D7B2456E8781}.Debug|x64.ActiveCfg = Debug|Any CPU
		{8974D5F7-3DD0-4A72-AD44-D7B2456E8781}.Debug|x64.Build.0 = Debug|Any CPU
		{8974D5F7-3DD0-4A72-AD44-D7B2456E8781}.Debug|x86.ActiveCfg = Debug|Any CPU
		{8974D5F7-3DD0-4A72-AD44-D7B2456E8781}.Debug|x86.Build.0 = Debug|Any CPU
		{8974D5F7-3DD0-4A72-AD44-D7B2456E8781}.Release|Any CPU.ActiveCfg = Release|Any CPU
		{8974D5F7-3DD0-4A72-AD44-D7B2456E8781}.Release|Any CPU.Build.0 = Release|Any CPU
		{8974D5F7-3DD0-4A72-AD44-D7B2456E8781}.Release|x64.ActiveCfg = Release|Any CPU
		{8974D5F7-3DD0-4A72-AD44-D7B2456E8781}.Release|x64.Build.0 = Release|Any CPU
		{8974D5F7-3DD0-4A72-AD44-D7B2456E8781}.Release|x86.ActiveCfg = Release|Any CPU
		{8974D5F7-3DD0-4A72-AD44-D7B2456E8781}.Release|x86.Build.0 = Release|Any CPU
		{9D110851-C32E-4D2F-B7D0-EA3C903A6085}.Debug|Any CPU.ActiveCfg = Debug|Any CPU
		{9D110851-C32E-4D2F-B7D0-EA3C903A6085}.Debug|Any CPU.Build.0 = Debug|Any CPU
		{9D110851-C32E-4D2F-B7D0-EA3C903A6085}.Debug|x64.ActiveCfg = Debug|Any CPU
		{9D110851-C32E-4D2F-B7D0-EA3C903A6085}.Debug|x64.Build.0 = Debug|Any CPU
		{9D110851-C32E-4D2F-B7D0-EA3C903A6085}.Debug|x86.ActiveCfg = Debug|Any CPU
		{9D110851-C32E-4D2F-B7D0-EA3C903A6085}.Debug|x86.Build.0 = Debug|Any CPU
		{9D110851-C32E-4D2F-B7D0-EA3C903A6085}.Release|Any CPU.ActiveCfg = Release|Any CPU
		{9D110851-C32E-4D2F-B7D0-EA3C903A6085}.Release|Any CPU.Build.0 = Release|Any CPU
		{9D110851-C32E-4D2F-B7D0-EA3C903A6085}.Release|x64.ActiveCfg = Release|Any CPU
		{9D110851-C32E-4D2F-B7D0-EA3C903A6085}.Release|x64.Build.0 = Release|Any CPU
		{9D110851-C32E-4D2F-B7D0-EA3C903A6085}.Release|x86.ActiveCfg = Release|Any CPU
		{9D110851-C32E-4D2F-B7D0-EA3C903A6085}.Release|x86.Build.0 = Release|Any CPU
		{0320DF0C-F2D5-457C-BD17-B432971A14C0}.Debug|Any CPU.ActiveCfg = Debug|Any CPU
		{0320DF0C-F2D5-457C-BD17-B432971A14C0}.Debug|Any CPU.Build.0 = Debug|Any CPU
		{0320DF0C-F2D5-457C-BD17-B432971A14C0}.Debug|x64.ActiveCfg = Debug|Any CPU
		{0320DF0C-F2D5-457C-BD17-B432971A14C0}.Debug|x64.Build.0 = Debug|Any CPU
		{0320DF0C-F2D5-457C-BD17-B432971A14C0}.Debug|x86.ActiveCfg = Debug|Any CPU
		{0320DF0C-F2D5-457C-BD17-B432971A14C0}.Debug|x86.Build.0 = Debug|Any CPU
		{0320DF0C-F2D5-457C-BD17-B432971A14C0}.Release|Any CPU.ActiveCfg = Release|Any CPU
		{0320DF0C-F2D5-457C-BD17-B432971A14C0}.Release|Any CPU.Build.0 = Release|Any CPU
		{0320DF0C-F2D5-457C-BD17-B432971A14C0}.Release|x64.ActiveCfg = Release|Any CPU
		{0320DF0C-F2D5-457C-BD17-B432971A14C0}.Release|x64.Build.0 = Release|Any CPU
		{0320DF0C-F2D5-457C-BD17-B432971A14C0}.Release|x86.ActiveCfg = Release|Any CPU
		{0320DF0C-F2D5-457C-BD17-B432971A14C0}.Release|x86.Build.0 = Release|Any CPU
		{C194376D-DA82-4098-B4B2-8C11B8B7CFD0}.Debug|Any CPU.ActiveCfg = Debug|Any CPU
		{C194376D-DA82-4098-B4B2-8C11B8B7CFD0}.Debug|Any CPU.Build.0 = Debug|Any CPU
		{C194376D-DA82-4098-B4B2-8C11B8B7CFD0}.Debug|x64.ActiveCfg = Debug|Any CPU
		{C194376D-DA82-4098-B4B2-8C11B8B7CFD0}.Debug|x64.Build.0 = Debug|Any CPU
		{C194376D-DA82-4098-B4B2-8C11B8B7CFD0}.Debug|x86.ActiveCfg = Debug|Any CPU
		{C194376D-DA82-4098-B4B2-8C11B8B7CFD0}.Debug|x86.Build.0 = Debug|Any CPU
		{C194376D-DA82-4098-B4B2-8C11B8B7CFD0}.Release|Any CPU.ActiveCfg = Release|Any CPU
		{C194376D-DA82-4098-B4B2-8C11B8B7CFD0}.Release|Any CPU.Build.0 = Release|Any CPU
		{C194376D-DA82-4098-B4B2-8C11B8B7CFD0}.Release|x64.ActiveCfg = Release|Any CPU
		{C194376D-DA82-4098-B4B2-8C11B8B7CFD0}.Release|x64.Build.0 = Release|Any CPU
		{C194376D-DA82-4098-B4B2-8C11B8B7CFD0}.Release|x86.ActiveCfg = Release|Any CPU
		{C194376D-DA82-4098-B4B2-8C11B8B7CFD0}.Release|x86.Build.0 = Release|Any CPU
		{B2C034B9-D41F-4407-A68E-BF4B697A9C3F}.Debug|Any CPU.ActiveCfg = Debug|Any CPU
		{B2C034B9-D41F-4407-A68E-BF4B697A9C3F}.Debug|Any CPU.Build.0 = Debug|Any CPU
		{B2C034B9-D41F-4407-A68E-BF4B697A9C3F}.Debug|x64.ActiveCfg = Debug|Any CPU
		{B2C034B9-D41F-4407-A68E-BF4B697A9C3F}.Debug|x64.Build.0 = Debug|Any CPU
		{B2C034B9-D41F-4407-A68E-BF4B697A9C3F}.Debug|x86.ActiveCfg = Debug|Any CPU
		{B2C034B9-D41F-4407-A68E-BF4B697A9C3F}.Debug|x86.Build.0 = Debug|Any CPU
		{B2C034B9-D41F-4407-A68E-BF4B697A9C3F}.Release|Any CPU.ActiveCfg = Release|Any CPU
		{B2C034B9-D41F-4407-A68E-BF4B697A9C3F}.Release|Any CPU.Build.0 = Release|Any CPU
		{B2C034B9-D41F-4407-A68E-BF4B697A9C3F}.Release|x64.ActiveCfg = Release|Any CPU
		{B2C034B9-D41F-4407-A68E-BF4B697A9C3F}.Release|x64.Build.0 = Release|Any CPU
		{B2C034B9-D41F-4407-A68E-BF4B697A9C3F}.Release|x86.ActiveCfg = Release|Any CPU
		{B2C034B9-D41F-4407-A68E-BF4B697A9C3F}.Release|x86.Build.0 = Release|Any CPU
		{C96EFEF7-6089-425D-B5DE-7867812A62FE}.Debug|Any CPU.ActiveCfg = Debug|Any CPU
		{C96EFEF7-6089-425D-B5DE-7867812A62FE}.Debug|Any CPU.Build.0 = Debug|Any CPU
		{C96EFEF7-6089-425D-B5DE-7867812A62FE}.Debug|x64.ActiveCfg = Debug|Any CPU
		{C96EFEF7-6089-425D-B5DE-7867812A62FE}.Debug|x64.Build.0 = Debug|Any CPU
		{C96EFEF7-6089-425D-B5DE-7867812A62FE}.Debug|x86.ActiveCfg = Debug|Any CPU
		{C96EFEF7-6089-425D-B5DE-7867812A62FE}.Debug|x86.Build.0 = Debug|Any CPU
		{C96EFEF7-6089-425D-B5DE-7867812A62FE}.Release|Any CPU.ActiveCfg = Release|Any CPU
		{C96EFEF7-6089-425D-B5DE-7867812A62FE}.Release|Any CPU.Build.0 = Release|Any CPU
		{C96EFEF7-6089-425D-B5DE-7867812A62FE}.Release|x64.ActiveCfg = Release|Any CPU
		{C96EFEF7-6089-425D-B5DE-7867812A62FE}.Release|x64.Build.0 = Release|Any CPU
		{C96EFEF7-6089-425D-B5DE-7867812A62FE}.Release|x86.ActiveCfg = Release|Any CPU
		{C96EFEF7-6089-425D-B5DE-7867812A62FE}.Release|x86.Build.0 = Release|Any CPU
		{E9D8A94F-E31A-46DE-A7C1-A175E88C0F78}.Debug|Any CPU.ActiveCfg = Debug|Any CPU
		{E9D8A94F-E31A-46DE-A7C1-A175E88C0F78}.Debug|Any CPU.Build.0 = Debug|Any CPU
		{E9D8A94F-E31A-46DE-A7C1-A175E88C0F78}.Debug|x64.ActiveCfg = Debug|Any CPU
		{E9D8A94F-E31A-46DE-A7C1-A175E88C0F78}.Debug|x64.Build.0 = Debug|Any CPU
		{E9D8A94F-E31A-46DE-A7C1-A175E88C0F78}.Debug|x86.ActiveCfg = Debug|Any CPU
		{E9D8A94F-E31A-46DE-A7C1-A175E88C0F78}.Debug|x86.Build.0 = Debug|Any CPU
		{E9D8A94F-E31A-46DE-A7C1-A175E88C0F78}.Release|Any CPU.ActiveCfg = Release|Any CPU
		{E9D8A94F-E31A-46DE-A7C1-A175E88C0F78}.Release|Any CPU.Build.0 = Release|Any CPU
		{E9D8A94F-E31A-46DE-A7C1-A175E88C0F78}.Release|x64.ActiveCfg = Release|Any CPU
		{E9D8A94F-E31A-46DE-A7C1-A175E88C0F78}.Release|x64.Build.0 = Release|Any CPU
		{E9D8A94F-E31A-46DE-A7C1-A175E88C0F78}.Release|x86.ActiveCfg = Release|Any CPU
		{E9D8A94F-E31A-46DE-A7C1-A175E88C0F78}.Release|x86.Build.0 = Release|Any CPU
		{F08F2650-F99B-499C-8549-B5BF4EE9067E}.Debug|Any CPU.ActiveCfg = Debug|Any CPU
		{F08F2650-F99B-499C-8549-B5BF4EE9067E}.Debug|Any CPU.Build.0 = Debug|Any CPU
		{F08F2650-F99B-499C-8549-B5BF4EE9067E}.Debug|x64.ActiveCfg = Debug|Any CPU
		{F08F2650-F99B-499C-8549-B5BF4EE9067E}.Debug|x64.Build.0 = Debug|Any CPU
		{F08F2650-F99B-499C-8549-B5BF4EE9067E}.Debug|x86.ActiveCfg = Debug|Any CPU
		{F08F2650-F99B-499C-8549-B5BF4EE9067E}.Debug|x86.Build.0 = Debug|Any CPU
		{F08F2650-F99B-499C-8549-B5BF4EE9067E}.Release|Any CPU.ActiveCfg = Release|Any CPU
		{F08F2650-F99B-499C-8549-B5BF4EE9067E}.Release|Any CPU.Build.0 = Release|Any CPU
		{F08F2650-F99B-499C-8549-B5BF4EE9067E}.Release|x64.ActiveCfg = Release|Any CPU
		{F08F2650-F99B-499C-8549-B5BF4EE9067E}.Release|x64.Build.0 = Release|Any CPU
		{F08F2650-F99B-499C-8549-B5BF4EE9067E}.Release|x86.ActiveCfg = Release|Any CPU
		{F08F2650-F99B-499C-8549-B5BF4EE9067E}.Release|x86.Build.0 = Release|Any CPU
		{95EA8F0C-6869-405D-93D3-1A16FF132C0D}.Debug|Any CPU.ActiveCfg = Debug|Any CPU
		{95EA8F0C-6869-405D-93D3-1A16FF132C0D}.Debug|Any CPU.Build.0 = Debug|Any CPU
		{95EA8F0C-6869-405D-93D3-1A16FF132C0D}.Debug|x64.ActiveCfg = Debug|Any CPU
		{95EA8F0C-6869-405D-93D3-1A16FF132C0D}.Debug|x64.Build.0 = Debug|Any CPU
		{95EA8F0C-6869-405D-93D3-1A16FF132C0D}.Debug|x86.ActiveCfg = Debug|Any CPU
		{95EA8F0C-6869-405D-93D3-1A16FF132C0D}.Debug|x86.Build.0 = Debug|Any CPU
		{95EA8F0C-6869-405D-93D3-1A16FF132C0D}.Release|Any CPU.ActiveCfg = Release|Any CPU
		{95EA8F0C-6869-405D-93D3-1A16FF132C0D}.Release|Any CPU.Build.0 = Release|Any CPU
		{95EA8F0C-6869-405D-93D3-1A16FF132C0D}.Release|x64.ActiveCfg = Release|Any CPU
		{95EA8F0C-6869-405D-93D3-1A16FF132C0D}.Release|x64.Build.0 = Release|Any CPU
		{95EA8F0C-6869-405D-93D3-1A16FF132C0D}.Release|x86.ActiveCfg = Release|Any CPU
		{95EA8F0C-6869-405D-93D3-1A16FF132C0D}.Release|x86.Build.0 = Release|Any CPU
		{A227E2BB-C33C-4145-85E9-FFA217282969}.Debug|Any CPU.ActiveCfg = Debug|Any CPU
		{A227E2BB-C33C-4145-85E9-FFA217282969}.Debug|Any CPU.Build.0 = Debug|Any CPU
		{A227E2BB-C33C-4145-85E9-FFA217282969}.Debug|x64.ActiveCfg = Debug|Any CPU
		{A227E2BB-C33C-4145-85E9-FFA217282969}.Debug|x64.Build.0 = Debug|Any CPU
		{A227E2BB-C33C-4145-85E9-FFA217282969}.Debug|x86.ActiveCfg = Debug|Any CPU
		{A227E2BB-C33C-4145-85E9-FFA217282969}.Debug|x86.Build.0 = Debug|Any CPU
		{A227E2BB-C33C-4145-85E9-FFA217282969}.Release|Any CPU.ActiveCfg = Release|Any CPU
		{A227E2BB-C33C-4145-85E9-FFA217282969}.Release|Any CPU.Build.0 = Release|Any CPU
		{A227E2BB-C33C-4145-85E9-FFA217282969}.Release|x64.ActiveCfg = Release|Any CPU
		{A227E2BB-C33C-4145-85E9-FFA217282969}.Release|x64.Build.0 = Release|Any CPU
		{A227E2BB-C33C-4145-85E9-FFA217282969}.Release|x86.ActiveCfg = Release|Any CPU
		{A227E2BB-C33C-4145-85E9-FFA217282969}.Release|x86.Build.0 = Release|Any CPU
		{46EEFAAE-E7A6-4398-91F7-243E46C37E15}.Debug|Any CPU.ActiveCfg = Debug|Any CPU
		{46EEFAAE-E7A6-4398-91F7-243E46C37E15}.Debug|Any CPU.Build.0 = Debug|Any CPU
		{46EEFAAE-E7A6-4398-91F7-243E46C37E15}.Debug|x64.ActiveCfg = Debug|Any CPU
		{46EEFAAE-E7A6-4398-91F7-243E46C37E15}.Debug|x64.Build.0 = Debug|Any CPU
		{46EEFAAE-E7A6-4398-91F7-243E46C37E15}.Debug|x86.ActiveCfg = Debug|Any CPU
		{46EEFAAE-E7A6-4398-91F7-243E46C37E15}.Debug|x86.Build.0 = Debug|Any CPU
		{46EEFAAE-E7A6-4398-91F7-243E46C37E15}.Release|Any CPU.ActiveCfg = Release|Any CPU
		{46EEFAAE-E7A6-4398-91F7-243E46C37E15}.Release|Any CPU.Build.0 = Release|Any CPU
		{46EEFAAE-E7A6-4398-91F7-243E46C37E15}.Release|x64.ActiveCfg = Release|Any CPU
		{46EEFAAE-E7A6-4398-91F7-243E46C37E15}.Release|x64.Build.0 = Release|Any CPU
		{46EEFAAE-E7A6-4398-91F7-243E46C37E15}.Release|x86.ActiveCfg = Release|Any CPU
		{46EEFAAE-E7A6-4398-91F7-243E46C37E15}.Release|x86.Build.0 = Release|Any CPU
		{4230F7D2-87CE-4AE7-9C24-DFF51CFA5E1F}.Debug|Any CPU.ActiveCfg = Debug|Any CPU
		{4230F7D2-87CE-4AE7-9C24-DFF51CFA5E1F}.Debug|Any CPU.Build.0 = Debug|Any CPU
		{4230F7D2-87CE-4AE7-9C24-DFF51CFA5E1F}.Debug|x64.ActiveCfg = Debug|Any CPU
		{4230F7D2-87CE-4AE7-9C24-DFF51CFA5E1F}.Debug|x64.Build.0 = Debug|Any CPU
		{4230F7D2-87CE-4AE7-9C24-DFF51CFA5E1F}.Debug|x86.ActiveCfg = Debug|Any CPU
		{4230F7D2-87CE-4AE7-9C24-DFF51CFA5E1F}.Debug|x86.Build.0 = Debug|Any CPU
		{4230F7D2-87CE-4AE7-9C24-DFF51CFA5E1F}.Release|Any CPU.ActiveCfg = Release|Any CPU
		{4230F7D2-87CE-4AE7-9C24-DFF51CFA5E1F}.Release|Any CPU.Build.0 = Release|Any CPU
		{4230F7D2-87CE-4AE7-9C24-DFF51CFA5E1F}.Release|x64.ActiveCfg = Release|Any CPU
		{4230F7D2-87CE-4AE7-9C24-DFF51CFA5E1F}.Release|x64.Build.0 = Release|Any CPU
		{4230F7D2-87CE-4AE7-9C24-DFF51CFA5E1F}.Release|x86.ActiveCfg = Release|Any CPU
		{4230F7D2-87CE-4AE7-9C24-DFF51CFA5E1F}.Release|x86.Build.0 = Release|Any CPU
		{E1365082-6B00-42DB-8F3A-1979A3B535D9}.Debug|Any CPU.ActiveCfg = Debug|Any CPU
		{E1365082-6B00-42DB-8F3A-1979A3B535D9}.Debug|Any CPU.Build.0 = Debug|Any CPU
		{E1365082-6B00-42DB-8F3A-1979A3B535D9}.Debug|x64.ActiveCfg = Debug|Any CPU
		{E1365082-6B00-42DB-8F3A-1979A3B535D9}.Debug|x64.Build.0 = Debug|Any CPU
		{E1365082-6B00-42DB-8F3A-1979A3B535D9}.Debug|x86.ActiveCfg = Debug|Any CPU
		{E1365082-6B00-42DB-8F3A-1979A3B535D9}.Debug|x86.Build.0 = Debug|Any CPU
		{E1365082-6B00-42DB-8F3A-1979A3B535D9}.Release|Any CPU.ActiveCfg = Release|Any CPU
		{E1365082-6B00-42DB-8F3A-1979A3B535D9}.Release|Any CPU.Build.0 = Release|Any CPU
		{E1365082-6B00-42DB-8F3A-1979A3B535D9}.Release|x64.ActiveCfg = Release|Any CPU
		{E1365082-6B00-42DB-8F3A-1979A3B535D9}.Release|x64.Build.0 = Release|Any CPU
		{E1365082-6B00-42DB-8F3A-1979A3B535D9}.Release|x86.ActiveCfg = Release|Any CPU
		{E1365082-6B00-42DB-8F3A-1979A3B535D9}.Release|x86.Build.0 = Release|Any CPU
		{1AB47316-11DD-4624-94F5-FFB2955063CC}.Debug|Any CPU.ActiveCfg = Debug|Any CPU
		{1AB47316-11DD-4624-94F5-FFB2955063CC}.Debug|Any CPU.Build.0 = Debug|Any CPU
		{1AB47316-11DD-4624-94F5-FFB2955063CC}.Debug|x64.ActiveCfg = Debug|Any CPU
		{1AB47316-11DD-4624-94F5-FFB2955063CC}.Debug|x64.Build.0 = Debug|Any CPU
		{1AB47316-11DD-4624-94F5-FFB2955063CC}.Debug|x86.ActiveCfg = Debug|Any CPU
		{1AB47316-11DD-4624-94F5-FFB2955063CC}.Debug|x86.Build.0 = Debug|Any CPU
		{1AB47316-11DD-4624-94F5-FFB2955063CC}.Release|Any CPU.ActiveCfg = Release|Any CPU
		{1AB47316-11DD-4624-94F5-FFB2955063CC}.Release|Any CPU.Build.0 = Release|Any CPU
		{1AB47316-11DD-4624-94F5-FFB2955063CC}.Release|x64.ActiveCfg = Release|Any CPU
		{1AB47316-11DD-4624-94F5-FFB2955063CC}.Release|x64.Build.0 = Release|Any CPU
		{1AB47316-11DD-4624-94F5-FFB2955063CC}.Release|x86.ActiveCfg = Release|Any CPU
		{1AB47316-11DD-4624-94F5-FFB2955063CC}.Release|x86.Build.0 = Release|Any CPU
		{B9417571-E6DA-496D-807B-952FA2B573BC}.Debug|Any CPU.ActiveCfg = Debug|Any CPU
		{B9417571-E6DA-496D-807B-952FA2B573BC}.Debug|Any CPU.Build.0 = Debug|Any CPU
		{B9417571-E6DA-496D-807B-952FA2B573BC}.Debug|x64.ActiveCfg = Debug|Any CPU
		{B9417571-E6DA-496D-807B-952FA2B573BC}.Debug|x64.Build.0 = Debug|Any CPU
		{B9417571-E6DA-496D-807B-952FA2B573BC}.Debug|x86.ActiveCfg = Debug|Any CPU
		{B9417571-E6DA-496D-807B-952FA2B573BC}.Debug|x86.Build.0 = Debug|Any CPU
		{B9417571-E6DA-496D-807B-952FA2B573BC}.Release|Any CPU.ActiveCfg = Release|Any CPU
		{B9417571-E6DA-496D-807B-952FA2B573BC}.Release|Any CPU.Build.0 = Release|Any CPU
		{B9417571-E6DA-496D-807B-952FA2B573BC}.Release|x64.ActiveCfg = Release|Any CPU
		{B9417571-E6DA-496D-807B-952FA2B573BC}.Release|x64.Build.0 = Release|Any CPU
		{B9417571-E6DA-496D-807B-952FA2B573BC}.Release|x86.ActiveCfg = Release|Any CPU
		{B9417571-E6DA-496D-807B-952FA2B573BC}.Release|x86.Build.0 = Release|Any CPU
		{FA373D1E-D3B6-4599-A5B1-F50927A6EFAE}.Debug|Any CPU.ActiveCfg = Debug|Any CPU
		{FA373D1E-D3B6-4599-A5B1-F50927A6EFAE}.Debug|Any CPU.Build.0 = Debug|Any CPU
		{FA373D1E-D3B6-4599-A5B1-F50927A6EFAE}.Debug|x64.ActiveCfg = Debug|Any CPU
		{FA373D1E-D3B6-4599-A5B1-F50927A6EFAE}.Debug|x64.Build.0 = Debug|Any CPU
		{FA373D1E-D3B6-4599-A5B1-F50927A6EFAE}.Debug|x86.ActiveCfg = Debug|Any CPU
		{FA373D1E-D3B6-4599-A5B1-F50927A6EFAE}.Debug|x86.Build.0 = Debug|Any CPU
		{FA373D1E-D3B6-4599-A5B1-F50927A6EFAE}.Release|Any CPU.ActiveCfg = Release|Any CPU
		{FA373D1E-D3B6-4599-A5B1-F50927A6EFAE}.Release|Any CPU.Build.0 = Release|Any CPU
		{FA373D1E-D3B6-4599-A5B1-F50927A6EFAE}.Release|x64.ActiveCfg = Release|Any CPU
		{FA373D1E-D3B6-4599-A5B1-F50927A6EFAE}.Release|x64.Build.0 = Release|Any CPU
		{FA373D1E-D3B6-4599-A5B1-F50927A6EFAE}.Release|x86.ActiveCfg = Release|Any CPU
		{FA373D1E-D3B6-4599-A5B1-F50927A6EFAE}.Release|x86.Build.0 = Release|Any CPU
		{C9D3A1B2-4E5F-4A6B-8C7D-1E2F3A4B5C6D}.Debug|Any CPU.ActiveCfg = Debug|Any CPU
		{C9D3A1B2-4E5F-4A6B-8C7D-1E2F3A4B5C6D}.Debug|Any CPU.Build.0 = Debug|Any CPU
		{C9D3A1B2-4E5F-4A6B-8C7D-1E2F3A4B5C6D}.Debug|x64.ActiveCfg = Debug|Any CPU
		{C9D3A1B2-4E5F-4A6B-8C7D-1E2F3A4B5C6D}.Debug|x64.Build.0 = Debug|Any CPU
		{C9D3A1B2-4E5F-4A6B-8C7D-1E2F3A4B5C6D}.Debug|x86.ActiveCfg = Debug|Any CPU
		{C9D3A1B2-4E5F-4A6B-8C7D-1E2F3A4B5C6D}.Debug|x86.Build.0 = Debug|Any CPU
		{C9D3A1B2-4E5F-4A6B-8C7D-1E2F3A4B5C6D}.Release|Any CPU.ActiveCfg = Release|Any CPU
		{C9D3A1B2-4E5F-4A6B-8C7D-1E2F3A4B5C6D}.Release|Any CPU.Build.0 = Release|Any CPU
		{C9D3A1B2-4E5F-4A6B-8C7D-1E2F3A4B5C6D}.Release|x64.ActiveCfg = Release|Any CPU
		{C9D3A1B2-4E5F-4A6B-8C7D-1E2F3A4B5C6D}.Release|x64.Build.0 = Release|Any CPU
		{C9D3A1B2-4E5F-4A6B-8C7D-1E2F3A4B5C6D}.Release|x86.ActiveCfg = Release|Any CPU
		{C9D3A1B2-4E5F-4A6B-8C7D-1E2F3A4B5C6D}.Release|x86.Build.0 = Release|Any CPU
	EndGlobalSection
	GlobalSection(SolutionProperties) = preSolution
		HideSolutionNode = FALSE
	EndGlobalSection
	GlobalSection(NestedProjects) = preSolution
		{F18B0EF1-DBEC-E650-CD7A-3C671C3D2238} = {5A50DFF6-9AAE-D52E-6CD4-6FDF55E933DE}
		{FA373D1E-D3B6-4599-A5B1-F50927A6EFAE} = {F18B0EF1-DBEC-E650-CD7A-3C671C3D2238}
		{C9D3A1B2-4E5F-4A6B-8C7D-1E2F3A4B5C6D} = {F18B0EF1-DBEC-E650-CD7A-3C671C3D2238}
	EndGlobalSection
EndGlobal
